<?xml version="1.0" encoding="utf-8"?>
<Project ToolsVersion="4.0" xmlns="http://schemas.microsoft.com/developer/msbuild/2003">
  <ItemGroup>
    <Filter Include="Source Files">
      <UniqueIdentifier>{4FC737F1-C7A5-4376-A066-2A32D752A2FF}</UniqueIdentifier>
      <Extensions>cpp;c;cc;cxx;def;odl;idl;hpj;bat;asm;asmx</Extensions>
    </Filter>
    <Filter Include="Header Files">
      <UniqueIdentifier>{93995380-89BD-4b04-88EB-625FBE52EBFB}</UniqueIdentifier>
      <Extensions>h;hh;hpp;hxx;hm;inl;inc;ipp;xsd</Extensions>
    </Filter>
    <Filter Include="Resource Files">
      <UniqueIdentifier>{67DA6AB6-F800-4c08-8B7A-83BB121AAD01}</UniqueIdentifier>
      <Extensions>rc;ico;cur;bmp;dlg;rc2;rct;bin;rgs;gif;jpg;jpeg;jpe;resx;tiff;tif;png;wav;mfcribbon-ms</Extensions>
    </Filter>
  </ItemGroup>
  <ItemGroup>
    <ClInclude Include="include\gl\glut.h">
      <Filter>Header Files</Filter>
    </ClInclude>
    <ClInclude Include="include\gl\freeglut.h">
      <Filter>Header Files</Filter>
    </ClInclude>
    <ClInclude Include="include\gl\freeglut_ext.h">
      <Filter>Header Files</Filter>
    </ClInclude>
    <ClInclude Include="include\gl\freeglut_std.h">
      <Filter>Header Files</Filter>
    </ClInclude>
    <ClInclude Include="include\typhon\core.h">
      <Filter>Header Files</Filter>
    </ClInclude>
    <ClInclude Include="include\typhon\particle.h">
      <Filter>Header Files</Filter>
    </ClInclude>
    <ClInclude Include="include\typhon\precision.h">
      <Filter>Header Files</Filter>
    </ClInclude>
    <ClInclude Include="include\typhon\time.h">
      <Filter>Header Files</Filter>
    </ClInclude>
    <ClInclude Include="include\typhon\typhon.h">
      <Filter>Header Files</Filter>
    </ClInclude>
    <ClInclude Include="include\typhon\particleContacts.h">
      <Filter>Header Files</Filter>
    </ClInclude>
    <ClInclude Include="include\typhon\particleLinks.h">
      <Filter>Header Files</Filter>
    </ClInclude>
    <ClInclude Include="include\typhon\particleWorld.h">
      <Filter>Header Files</Filter>
    </ClInclude>
    <ClInclude Include="include\typhon\particleForceGen.h">
      <Filter>Header Files</Filter>
    </ClInclude>
    <ClInclude Include="include\typhon\body.h">
      <Filter>Header Files</Filter>
    </ClInclude>
    <ClInclude Include="include\typhon\forceGen.h">
      <Filter>Header Files</Filter>
    </ClInclude>
    <ClInclude Include="include\typhon\world.h">
      <Filter>Header Files</Filter>
    </ClInclude>
  </ItemGroup>
  <ItemGroup>
    <ClCompile Include="src\core.cpp">
      <Filter>Source Files</Filter>
    </ClCompile>
    <ClCompile Include="src\particle.cpp">
      <Filter>Source Files</Filter>
    </ClCompile>
    <ClCompile Include="src\particleContacts.cpp">
      <Filter>Source Files</Filter>
    </ClCompile>
    <ClCompile Include="src\particleLinks.cpp">
      <Filter>Source Files</Filter>
    </ClCompile>
    <ClCompile Include="src\particleWorld.cpp">
      <Filter>Source Files</Filter>
    </ClCompile>
    <ClCompile Include="src\particleForceGen.cpp">
      <Filter>Source Files</Filter>
    </ClCompile>
    <ClCompile Include="src\mainTp3.cpp">
      <Filter>Source Files</Filter>
    </ClCompile>
    <ClCompile Include="src\body.cpp">
      <Filter>Source Files</Filter>
    </ClCompile>
    <ClCompile Include="src\forceGen.cpp">
      <Filter>Source Files</Filter>
    </ClCompile>
    <ClCompile Include="src\world.cpp">
      <Filter>Source Files</Filter>
    </ClCompile>
  </ItemGroup>
  <ItemGroup>
    <None Include="lib\freeglut.dll" />
    <None Include="bin\freeglut.dll" />
    <None Include=".gitattributes" />
    <None Include="README.md" />
    <None Include=".gitignore" />
    <None Include="ClassDiagram.cd" />
  </ItemGroup>
  <ItemGroup>
    <Library Include="lib\freeglut.lib" />
  </ItemGroup>
</Project>